
Microsoft Visual Studio Solution File, Format Version 12.00
# Visual Studio 2013
VisualStudioVersion = 12.0.30723.0
MinimumVisualStudioVersion = 10.0.40219.1
Project("{FAE04EC0-301F-11D3-BF4B-00C04F79EFBC}") = "Tizsoft.Treenet", "Tizsoft.Treenet\Tizsoft.Treenet.csproj", "{1D6374E8-979F-457C-A649-3E3369373365}"
	ProjectSection(ProjectDependencies) = postProject
		{42DD1816-7E8D-4581-93B6-BE03F1E72652} = {42DD1816-7E8D-4581-93B6-BE03F1E72652}
		{C63ED371-2C77-40AD-B9BC-F1222B221B68} = {C63ED371-2C77-40AD-B9BC-F1222B221B68}
		{B722B7A9-8ACE-4D6F-929F-05075C69FFD0} = {B722B7A9-8ACE-4D6F-929F-05075C69FFD0}
		{206DAAAD-628B-46A9-8366-8CCA080B1991} = {206DAAAD-628B-46A9-8366-8CCA080B1991}
	EndProjectSection
EndProject
Project("{FAE04EC0-301F-11D3-BF4B-00C04F79EFBC}") = "Tizsoft", "Tizsoft\Tizsoft.csproj", "{42DD1816-7E8D-4581-93B6-BE03F1E72652}"
EndProject
Project("{FAE04EC0-301F-11D3-BF4B-00C04F79EFBC}") = "Tizsoft.Net", "Tizsoft.Net\Tizsoft.Net.csproj", "{C63ED371-2C77-40AD-B9BC-F1222B221B68}"
	ProjectSection(ProjectDependencies) = postProject
		{42DD1816-7E8D-4581-93B6-BE03F1E72652} = {42DD1816-7E8D-4581-93B6-BE03F1E72652}
	EndProjectSection
EndProject
Project("{FAE04EC0-301F-11D3-BF4B-00C04F79EFBC}") = "Tizsoft.IO", "Tizsoft.IO\Tizsoft.IO.csproj", "{206DAAAD-628B-46A9-8366-8CCA080B1991}"
	ProjectSection(ProjectDependencies) = postProject
		{42DD1816-7E8D-4581-93B6-BE03F1E72652} = {42DD1816-7E8D-4581-93B6-BE03F1E72652}
	EndProjectSection
EndProject
Project("{FAE04EC0-301F-11D3-BF4B-00C04F79EFBC}") = "Tizsoft.Data", "Tizsoft.Data\Tizsoft.Data.csproj", "{B722B7A9-8ACE-4D6F-929F-05075C69FFD0}"
	ProjectSection(ProjectDependencies) = postProject
		{42DD1816-7E8D-4581-93B6-BE03F1E72652} = {42DD1816-7E8D-4581-93B6-BE03F1E72652}
	EndProjectSection
EndProject
Project("{2150E333-8FDC-42A3-9474-1A3956D46DE8}") = "Tests", "Tests", "{BC4844E3-F8A4-4A6C-8388-6DDC73BD898C}"
EndProject
Project("{FAE04EC0-301F-11D3-BF4B-00C04F79EFBC}") = "Tizsoft.Treenet.Tests", "Tests\Tizsoft.Treenet.Tests\Tizsoft.Treenet.Tests.csproj", "{6B29104B-D7FB-4A51-91DF-C84088694396}"
EndProject
Project("{FAE04EC0-301F-11D3-BF4B-00C04F79EFBC}") = "Tizsoft.Tests", "Tests\Tizsoft.Tests\Tizsoft.Tests.csproj", "{1CC47A14-2240-4820-9943-4EFBD18613C5}"
EndProject
Project("{FAE04EC0-301F-11D3-BF4B-00C04F79EFBC}") = "Tizsoft.Database", "Tizsoft.Database\Tizsoft.Database.csproj", "{7D67265A-AB2E-4B91-8A67-0025D01509BB}"
EndProject
Project("{2150E333-8FDC-42A3-9474-1A3956D46DE8}") = ".nuget", ".nuget", "{8B96B4AA-8CC3-4282-BDF1-48D3C3EC0272}"
	ProjectSection(SolutionItems) = preProject
		.nuget\NuGet.Config = .nuget\NuGet.Config
		.nuget\NuGet.exe = .nuget\NuGet.exe
		.nuget\NuGet.targets = .nuget\NuGet.targets
	EndProjectSection
EndProject
Project("{FAE04EC0-301F-11D3-BF4B-00C04F79EFBC}") = "TestFormApp", "TestFormApp\TestFormApp.csproj", "{55644BF8-6F13-4873-9BC0-EF5DFB0F1B9F}"
EndProject
Project("{FAE04EC0-301F-11D3-BF4B-00C04F79EFBC}") = "Tizsoft.Log", "Tizsoft.Log\Tizsoft.Log.csproj", "{5E9944F3-3139-4566-A4A5-BBA5096DB799}"
EndProject
Project("{FAE04EC0-301F-11D3-BF4B-00C04F79EFBC}") = "Tizsoft.Security", "Tizsoft.Security\Tizsoft.Security.csproj", "{C87A4C25-27E1-4884-A9A6-0411CAAE7001}"
EndProject
Project("{FAE04EC0-301F-11D3-BF4B-00C04F79EFBC}") = "Tizsoft.Security.Tests", "Tizsoft.Security.Tests\Tizsoft.Security.Tests.csproj", "{DF19B51C-548B-42DC-96EF-80FEA367CB82}"
EndProject
Global
	GlobalSection(SolutionConfigurationPlatforms) = preSolution
		Debug|Any CPU = Debug|Any CPU
		Release|Any CPU = Release|Any CPU
	EndGlobalSection
	GlobalSection(ProjectConfigurationPlatforms) = postSolution
		{1D6374E8-979F-457C-A649-3E3369373365}.Debug|Any CPU.ActiveCfg = Debug|Any CPU
		{1D6374E8-979F-457C-A649-3E3369373365}.Debug|Any CPU.Build.0 = Debug|Any CPU
		{1D6374E8-979F-457C-A649-3E3369373365}.Release|Any CPU.ActiveCfg = Release|Any CPU
		{1D6374E8-979F-457C-A649-3E3369373365}.Release|Any CPU.Build.0 = Release|Any CPU
		{42DD1816-7E8D-4581-93B6-BE03F1E72652}.Debug|Any CPU.ActiveCfg = Debug|Any CPU
		{42DD1816-7E8D-4581-93B6-BE03F1E72652}.Debug|Any CPU.Build.0 = Debug|Any CPU
		{42DD1816-7E8D-4581-93B6-BE03F1E72652}.Release|Any CPU.ActiveCfg = Release|Any CPU
		{42DD1816-7E8D-4581-93B6-BE03F1E72652}.Release|Any CPU.Build.0 = Release|Any CPU
		{C63ED371-2C77-40AD-B9BC-F1222B221B68}.Debug|Any CPU.ActiveCfg = Debug|Any CPU
		{C63ED371-2C77-40AD-B9BC-F1222B221B68}.Debug|Any CPU.Build.0 = Debug|Any CPU
		{C63ED371-2C77-40AD-B9BC-F1222B221B68}.Release|Any CPU.ActiveCfg = Release|Any CPU
		{C63ED371-2C77-40AD-B9BC-F1222B221B68}.Release|Any CPU.Build.0 = Release|Any CPU
		{206DAAAD-628B-46A9-8366-8CCA080B1991}.Debug|Any CPU.ActiveCfg = Debug|Any CPU
		{206DAAAD-628B-46A9-8366-8CCA080B1991}.Debug|Any CPU.Build.0 = Debug|Any CPU
		{206DAAAD-628B-46A9-8366-8CCA080B1991}.Release|Any CPU.ActiveCfg = Release|Any CPU
		{206DAAAD-628B-46A9-8366-8CCA080B1991}.Release|Any CPU.Build.0 = Release|Any CPU
		{B722B7A9-8ACE-4D6F-929F-05075C69FFD0}.Debug|Any CPU.ActiveCfg = Debug|Any CPU
		{B722B7A9-8ACE-4D6F-929F-05075C69FFD0}.Debug|Any CPU.Build.0 = Debug|Any CPU
		{B722B7A9-8ACE-4D6F-929F-05075C69FFD0}.Release|Any CPU.ActiveCfg = Release|Any CPU
		{B722B7A9-8ACE-4D6F-929F-05075C69FFD0}.Release|Any CPU.Build.0 = Release|Any CPU
		{6B29104B-D7FB-4A51-91DF-C84088694396}.Debug|Any CPU.ActiveCfg = Debug|Any CPU
		{6B29104B-D7FB-4A51-91DF-C84088694396}.Debug|Any CPU.Build.0 = Debug|Any CPU
		{6B29104B-D7FB-4A51-91DF-C84088694396}.Release|Any CPU.ActiveCfg = Release|Any CPU
		{6B29104B-D7FB-4A51-91DF-C84088694396}.Release|Any CPU.Build.0 = Release|Any CPU
		{1CC47A14-2240-4820-9943-4EFBD18613C5}.Debug|Any CPU.ActiveCfg = Debug|Any CPU
		{1CC47A14-2240-4820-9943-4EFBD18613C5}.Debug|Any CPU.Build.0 = Debug|Any CPU
		{1CC47A14-2240-4820-9943-4EFBD18613C5}.Release|Any CPU.ActiveCfg = Release|Any CPU
		{1CC47A14-2240-4820-9943-4EFBD18613C5}.Release|Any CPU.Build.0 = Release|Any CPU
		{7D67265A-AB2E-4B91-8A67-0025D01509BB}.Debug|Any CPU.ActiveCfg = Debug|Any CPU
		{7D67265A-AB2E-4B91-8A67-0025D01509BB}.Debug|Any CPU.Build.0 = Debug|Any CPU
		{7D67265A-AB2E-4B91-8A67-0025D01509BB}.Release|Any CPU.ActiveCfg = Release|Any CPU
		{7D67265A-AB2E-4B91-8A67-0025D01509BB}.Release|Any CPU.Build.0 = Release|Any CPU
		{55644BF8-6F13-4873-9BC0-EF5DFB0F1B9F}.Debug|Any CPU.ActiveCfg = Debug|Any CPU
		{55644BF8-6F13-4873-9BC0-EF5DFB0F1B9F}.Debug|Any CPU.Build.0 = Debug|Any CPU
		{55644BF8-6F13-4873-9BC0-EF5DFB0F1B9F}.Release|Any CPU.ActiveCfg = Release|Any CPU
		{55644BF8-6F13-4873-9BC0-EF5DFB0F1B9F}.Release|Any CPU.Build.0 = Release|Any CPU
		{5E9944F3-3139-4566-A4A5-BBA5096DB799}.Debug|Any CPU.ActiveCfg = Debug|Any CPU
		{5E9944F3-3139-4566-A4A5-BBA5096DB799}.Debug|Any CPU.Build.0 = Debug|Any CPU
		{5E9944F3-3139-4566-A4A5-BBA5096DB799}.Release|Any CPU.ActiveCfg = Release|Any CPU
		{5E9944F3-3139-4566-A4A5-BBA5096DB799}.Release|Any CPU.Build.0 = Release|Any CPU
		{C87A4C25-27E1-4884-A9A6-0411CAAE7001}.Debug|Any CPU.ActiveCfg = Debug|Any CPU
		{C87A4C25-27E1-4884-A9A6-0411CAAE7001}.Debug|Any CPU.Build.0 = Debug|Any CPU
		{C87A4C25-27E1-4884-A9A6-0411CAAE7001}.Release|Any CPU.ActiveCfg = Release|Any CPU
		{C87A4C25-27E1-4884-A9A6-0411CAAE7001}.Release|Any CPU.Build.0 = Release|Any CPU
		{DF19B51C-548B-42DC-96EF-80FEA367CB82}.Debug|Any CPU.ActiveCfg = Debug|Any CPU
		{DF19B51C-548B-42DC-96EF-80FEA367CB82}.Debug|Any CPU.Build.0 = Debug|Any CPU
		{DF19B51C-548B-42DC-96EF-80FEA367CB82}.Release|Any CPU.ActiveCfg = Release|Any CPU
		{DF19B51C-548B-42DC-96EF-80FEA367CB82}.Release|Any CPU.Build.0 = Release|Any CPU
	EndGlobalSection
	GlobalSection(SolutionProperties) = preSolution
		HideSolutionNode = FALSE
	EndGlobalSection
	GlobalSection(NestedProjects) = preSolution
		{6B29104B-D7FB-4A51-91DF-C84088694396} = {BC4844E3-F8A4-4A6C-8388-6DDC73BD898C}
		{1CC47A14-2240-4820-9943-4EFBD18613C5} = {BC4844E3-F8A4-4A6C-8388-6DDC73BD898C}
		{DF19B51C-548B-42DC-96EF-80FEA367CB82} = {BC4844E3-F8A4-4A6C-8388-6DDC73BD898C}
	EndGlobalSection
EndGlobal
